
Microsoft Visual Studio Solution File, Format Version 12.00
# Visual Studio Version 17
VisualStudioVersion = 17.9.34622.214
MinimumVisualStudioVersion = 10.0.40219.1
Project("{FAE04EC0-301F-11D3-BF4B-00C04F79EFBC}") = "InsuranceApplicationWithRulesEngine", "InsuranceApplicationWithRulesEngine\InsuranceApplicationWithRulesEngine.csproj", "{5DA17002-8A5D-4AE1-9ED9-F5FCD0C6BEE2}"
EndProject
Global
	GlobalSection(SolutionConfigurationPlatforms) = preSolution
		Debug|Any CPU = Debug|Any CPU
		Release|Any CPU = Release|Any CPU
	EndGlobalSection
	GlobalSection(ProjectConfigurationPlatforms) = postSolution
		{5DA17002-8A5D-4AE1-9ED9-F5FCD0C6BEE2}.Debug|Any CPU.ActiveCfg = Debug|Any CPU
		{5DA17002-8A5D-4AE1-9ED9-F5FCD0C6BEE2}.Debug|Any CPU.Build.0 = Debug|Any CPU
		{5DA17002-8A5D-4AE1-9ED9-F5FCD0C6BEE2}.Release|Any CPU.ActiveCfg = Release|Any CPU
		{5DA17002-8A5D-4AE1-9ED9-F5FCD0C6BEE2}.Release|Any CPU.Build.0 = Release|Any CPU
	EndGlobalSection
	GlobalSection(SolutionProperties) = preSolution
		HideSolutionNode = FALSE
	EndGlobalSection
	GlobalSection(ExtensibilityGlobals) = postSolution
		SolutionGuid = {2ACB1B5C-96DD-4898-9FAA-F83FD1CE3E1E}
	EndGlobalSection
EndGlobal
